
Microsoft Visual Studio Solution File, Format Version 12.00
# Visual Studio Version 16
VisualStudioVersion = 16.0.30011.22
MinimumVisualStudioVersion = 10.0.40219.1
Project("{FAE04EC0-301F-11D3-BF4B-00C04F79EFBC}") = "MathQuiz2", "MathQuiz2\MathQuiz2.csproj", "{20346000-20FD-4ACB-84C5-CF53EFBDCAFB}"
EndProject
Global
	GlobalSection(SolutionConfigurationPlatforms) = preSolution
		Debug|Any CPU = Debug|Any CPU
		Release|Any CPU = Release|Any CPU
	EndGlobalSection
	GlobalSection(ProjectConfigurationPlatforms) = postSolution
		{20346000-20FD-4ACB-84C5-CF53EFBDCAFB}.Debug|Any CPU.ActiveCfg = Debug|Any CPU
		{20346000-20FD-4ACB-84C5-CF53EFBDCAFB}.Debug|Any CPU.Build.0 = Debug|Any CPU
		{20346000-20FD-4ACB-84C5-CF53EFBDCAFB}.Release|Any CPU.ActiveCfg = Release|Any CPU
		{20346000-20FD-4ACB-84C5-CF53EFBDCAFB}.Release|Any CPU.Build.0 = Release|Any CPU
	EndGlobalSection
	GlobalSection(SolutionProperties) = preSolution
		HideSolutionNode = FALSE
	EndGlobalSection
	GlobalSection(ExtensibilityGlobals) = postSolution
		SolutionGuid = {36BDB66A-D5B9-4F91-BFB8-0FA2DD17A193}
	EndGlobalSection
EndGlobal
